{
  "requires": true,
  "lockfileVersion": 1,
  "dependencies": {
    "eth-random": {
      "version": "0.0.4-alpha.1",
      "resolved": "https://registry.npmjs.org/eth-random/-/eth-random-0.0.4-alpha.1.tgz",
      "integrity": "sha512-YB70Ccxl2JQBVi8UDYcJNzLIRLT3kaZz0M/TGDZfQjnZst1qIMQRT5wwjoIHSUTLpGjIayOvSP4Ouw1rR9B2lw=="
    }
  }
}
